
Microsoft Visual Studio Solution File, Format Version 12.00
# Visual Studio Version 17
VisualStudioVersion = 17.4.33205.214
MinimumVisualStudioVersion = 10.0.40219.1
Project("{FAE04EC0-301F-11D3-BF4B-00C04F79EFBC}") = "ProjetLvlHuit", "ProjetLvlHuit\ProjetLvlHuit.csproj", "{B25B29F1-AB2D-4CFB-A011-083ACE67D845}"
EndProject
Global
	GlobalSection(SolutionConfigurationPlatforms) = preSolution
		Debug|Any CPU = Debug|Any CPU
		Release|Any CPU = Release|Any CPU
	EndGlobalSection
	GlobalSection(ProjectConfigurationPlatforms) = postSolution
		{B25B29F1-AB2D-4CFB-A011-083ACE67D845}.Debug|Any CPU.ActiveCfg = Debug|Any CPU
		{B25B29F1-AB2D-4CFB-A011-083ACE67D845}.Debug|Any CPU.Build.0 = Debug|Any CPU
		{B25B29F1-AB2D-4CFB-A011-083ACE67D845}.Release|Any CPU.ActiveCfg = Release|Any CPU
		{B25B29F1-AB2D-4CFB-A011-083ACE67D845}.Release|Any CPU.Build.0 = Release|Any CPU
	EndGlobalSection
	GlobalSection(SolutionProperties) = preSolution
		HideSolutionNode = FALSE
	EndGlobalSection
	GlobalSection(ExtensibilityGlobals) = postSolution
		SolutionGuid = {E2DACC36-D1B6-4377-89D4-39296B3C7C6F}
	EndGlobalSection
EndGlobal
